{
  "nodes": {
    "flake-parts": {
      "inputs": {
        "nixpkgs-lib": "nixpkgs-lib"
      },
      "locked": {
        "lastModified": 1777898446,
        "narHash": "sha256-tTEOTTjMHd8Vffn4hehLTPgOXXxJ27xfkf4DoyZgD7s=",
        "owner": "hercules-ci",
        "repo": "flake-parts",
        "rev": "5d82aa3d6b5da25dbfec1a995750a70a03b8c659",
        "type": "github"
      },
      "original": {
        "owner": "hercules-ci",
        "repo": "flake-parts",
        "type": "github"
      }
    },
    "flake-utils": {
      "inputs": {
        "systems": "systems_2"
      },
      "locked": {
        "lastModified": 1731533236,
        "narHash": "sha256-l0KFg5HjrsfsO/JpG+r7fRrqm12kzFHyUHqHCVpMMbI=",
        "owner": "numtide",
        "repo": "flake-utils",
        "rev": "11707dc2f618dd54ca8739b309ec4fc024de578b",
        "type": "github"
      },
      "original": {
        "owner": "numtide",
        "repo": "flake-utils",
        "type": "github"
      }
    },
    "haumea": {
      "inputs": {
        "nixpkgs": [
          "nixhelm",
          "nixpkgs"
        ]
      },
      "locked": {
        "lastModified": 1685133229,
        "narHash": "sha256-FePm/Gi9PBSNwiDFq3N+DWdfxFq0UKsVVTJS3cQPn94=",
        "owner": "nix-community",
        "repo": "haumea",
        "rev": "34dd58385092a23018748b50f9b23de6266dffc2",
        "type": "github"
      },
      "original": {
        "owner": "nix-community",
        "ref": "v0.2.2",
        "repo": "haumea",
        "type": "github"
      }
    },
    "k8sss": {
      "inputs": {
        "flake-parts": [
          "flake-parts"
        ],
        "kube-generators": "kube-generators",
        "kubetree": [
          "kubetree"
        ],
        "nixpkgs": [
          "nixpkgs"
        ],
        "systems": [
          "systems"
        ]
      },
      "locked": {
        "lastModified": 1779310003,
        "narHash": "sha256-WcZV2EiYvExBR4/f03Wt8yABRFQFSvwuz6noRQdAt90=",
        "owner": "andsens",
        "repo": "k8sss",
        "rev": "e0931d7d2fd90d423532d5eb03aa90f6eaa0f354",
        "type": "github"
      },
      "original": {
        "owner": "andsens",
        "repo": "k8sss",
        "type": "github"
      }
    },
    "kube-generators": {
      "locked": {
        "lastModified": 1762437901,
        "narHash": "sha256-5yuJODagAq+aMXQAT2c0gfXKLqapmA6eUHR33jKNHuU=",
        "owner": "farcaller",
        "repo": "nix-kube-generators",
        "rev": "810dcf792081790648ba9ae705b9a2286115ace8",
        "type": "github"
      },
      "original": {
        "owner": "farcaller",
        "repo": "nix-kube-generators",
        "type": "github"
      }
    },
    "kube-generators_2": {
      "locked": {
        "lastModified": 1762437901,
        "narHash": "sha256-5yuJODagAq+aMXQAT2c0gfXKLqapmA6eUHR33jKNHuU=",
        "owner": "farcaller",
        "repo": "nix-kube-generators",
        "rev": "810dcf792081790648ba9ae705b9a2286115ace8",
        "type": "github"
      },
      "original": {
        "owner": "farcaller",
        "repo": "nix-kube-generators",
        "type": "github"
      }
    },
    "kubetree": {
      "inputs": {
        "flake-parts": [
          "flake-parts"
        ],
        "nixpkgs": [
          "nixpkgs"
        ],
        "systems": "systems"
      },
      "locked": {
        "lastModified": 1774880421,
        "narHash": "sha256-MblIGQ67SZKcJum7v7ConDLKXXd3uW4LKCVQZFr/lFA=",
        "owner": "andsens",
        "repo": "nix-kubetree",
        "rev": "0f7e875e645a830712f2966145e265b06625a4d9",
        "type": "github"
      },
      "original": {
        "owner": "andsens",
        "repo": "nix-kubetree",
        "type": "github"
      }
    },
    "nix-kube-generators": {
      "locked": {
        "lastModified": 1762437901,
        "narHash": "sha256-5yuJODagAq+aMXQAT2c0gfXKLqapmA6eUHR33jKNHuU=",
        "owner": "farcaller",
        "repo": "nix-kube-generators",
        "rev": "810dcf792081790648ba9ae705b9a2286115ace8",
        "type": "github"
      },
      "original": {
        "owner": "farcaller",
        "repo": "nix-kube-generators",
        "type": "github"
      }
    },
    "nixhelm": {
      "inputs": {
        "flake-utils": "flake-utils",
        "haumea": "haumea",
        "nix-kube-generators": "nix-kube-generators",
        "nixpkgs": [
          "nixpkgs"
        ],
        "pyproject-build-systems": "pyproject-build-systems",
        "pyproject-nix": "pyproject-nix",
        "uv2nix": "uv2nix"
      },
      "locked": {
        "lastModified": 1777863105,
        "narHash": "sha256-hdSz/hNpefDd0p8qDIS5xZbtVMfhgzv1yZYhGGrT3Sw=",
        "owner": "nix-community",
        "repo": "nixhelm",
        "rev": "f88817226eef67e9e909fec3fcf923666d0e4bc6",
        "type": "github"
      },
      "original": {
        "owner": "nix-community",
        "repo": "nixhelm",
        "type": "github"
      }
    },
    "nixpkgs": {
      "locked": {
        "lastModified": 1777673416,
        "narHash": "sha256-5c2POKPOjU40Kh0MirOdScBLG0bu9TAuPYAtPRNZMBs=",
        "owner": "NixOS",
        "repo": "nixpkgs",
        "rev": "26ef669cffa904b6f6832ab57b77892a37c1a671",
        "type": "github"
      },
      "original": {
        "owner": "NixOS",
        "ref": "nixos-25.11",
        "repo": "nixpkgs",
        "type": "github"
      }
    },
    "nixpkgs-lib": {
      "locked": {
        "lastModified": 1777168982,
        "narHash": "sha256-GOkGPcboWE9BmGCRMLX3worL4EMnsnG8MyKmXNeYuhQ=",
        "owner": "nix-community",
        "repo": "nixpkgs.lib",
        "rev": "f5901329dade4a6ea039af1433fb087bd9c1fe14",
        "type": "github"
      },
      "original": {
        "owner": "nix-community",
        "repo": "nixpkgs.lib",
        "type": "github"
      }
    },
    "pyproject-build-systems": {
      "inputs": {
        "nixpkgs": [
          "nixhelm",
          "nixpkgs"
        ],
        "pyproject-nix": [
          "nixhelm",
          "pyproject-nix"
        ],
        "uv2nix": [
          "nixhelm",
          "uv2nix"
        ]
      },
      "locked": {
        "lastModified": 1763662255,
        "narHash": "sha256-4bocaOyLa3AfiS8KrWjZQYu+IAta05u3gYZzZ6zXbT0=",
        "owner": "pyproject-nix",
        "repo": "build-system-pkgs",
        "rev": "042904167604c681a090c07eb6967b4dd4dae88c",
        "type": "github"
      },
      "original": {
        "owner": "pyproject-nix",
        "repo": "build-system-pkgs",
        "type": "github"
      }
    },
    "pyproject-nix": {
      "inputs": {
        "nixpkgs": [
          "nixhelm",
          "nixpkgs"
        ]
      },
      "locked": {
        "lastModified": 1764134915,
        "narHash": "sha256-xaKvtPx6YAnA3HQVp5LwyYG1MaN4LLehpQI8xEdBvBY=",
        "owner": "pyproject-nix",
        "repo": "pyproject.nix",
        "rev": "2c8df1383b32e5443c921f61224b198a2282a657",
        "type": "github"
      },
      "original": {
        "owner": "pyproject-nix",
        "repo": "pyproject.nix",
        "type": "github"
      }
    },
    "root": {
      "inputs": {
        "flake-parts": "flake-parts",
        "k8sss": "k8sss",
        "kube-generators": "kube-generators_2",
        "kubetree": "kubetree",
        "nixhelm": "nixhelm",
        "nixpkgs": "nixpkgs",
        "setup-secrets": "setup-secrets",
        "systems": "systems_3"
      }
    },
    "setup-secrets": {
      "inputs": {
        "flake-parts": [
          "flake-parts"
        ],
        "nixpkgs": [
          "nixpkgs"
        ],
        "systems": [
          "systems"
        ]
      },
      "locked": {
        "lastModified": 1779124947,
        "narHash": "sha256-11goAAMH23KAKRC5jNinvQ4tz8Cqqp/hSH3mUMNC++M=",
        "owner": "andsens",
        "repo": "nixos-setup-secrets",
        "rev": "a11b8baedb73b9ded80dc4ffd39f8c2772f44130",
        "type": "github"
      },
      "original": {
        "owner": "andsens",
        "repo": "nixos-setup-secrets",
        "type": "github"
      }
    },
    "systems": {
      "locked": {
        "lastModified": 1681028828,
        "narHash": "sha256-Vy1rq5AaRuLzOxct8nz4T6wlgyUR7zLU309k9mBC768=",
        "owner": "nix-systems",
        "repo": "default",
        "rev": "da67096a3b9bf56a91d16901293e51ba5b49a27e",
        "type": "github"
      },
      "original": {
        "id": "systems",
        "type": "indirect"
      }
    },
    "systems_2": {
      "locked": {
        "lastModified": 1681028828,
        "narHash": "sha256-Vy1rq5AaRuLzOxct8nz4T6wlgyUR7zLU309k9mBC768=",
        "owner": "nix-systems",
        "repo": "default",
        "rev": "da67096a3b9bf56a91d16901293e51ba5b49a27e",
        "type": "github"
      },
      "original": {
        "owner": "nix-systems",
        "repo": "default",
        "type": "github"
      }
    },
    "systems_3": {
      "locked": {
        "lastModified": 1689347949,
        "narHash": "sha256-12tWmuL2zgBgZkdoB6qXZsgJEH9LR3oUgpaQq2RbI80=",
        "owner": "nix-systems",
        "repo": "default-linux",
        "rev": "31732fcf5e8fea42e59c2488ad31a0e651500f68",
        "type": "github"
      },
      "original": {
        "owner": "nix-systems",
        "repo": "default-linux",
        "type": "github"
      }
    },
    "uv2nix": {
      "inputs": {
        "nixpkgs": [
          "nixhelm",
          "nixpkgs"
        ],
        "pyproject-nix": [
          "nixhelm",
          "pyproject-nix"
        ]
      },
      "locked": {
        "lastModified": 1767701098,
        "narHash": "sha256-CJhKZnWb3gumR9oTRjFvCg/6lYTGbZRU7xtvcyWIRwU=",
        "owner": "pyproject-nix",
        "repo": "uv2nix",
        "rev": "9d357f0d2ce6f5f35ec7959d7e704452352eb4da",
        "type": "github"
      },
      "original": {
        "owner": "pyproject-nix",
        "repo": "uv2nix",
        "type": "github"
      }
    }
  },
  "root": "root",
  "version": 7
}
